// !$*UTF8*$!
{
	archiveVersion = 1;
	classes = {
	};
	objectVersion = 50;
	objects = {

/* Begin PBXBuildFile section */
		922BFAE3235059BE00B869C7 /* AppDelegate.swift in Sources */ = {isa = PBXBuildFile; fileRef = 922BFAE2235059BE00B869C7 /* AppDelegate.swift */; };
		922BFAE5235059BE00B869C7 /* SceneDelegate.swift in Sources */ = {isa = PBXBuildFile; fileRef = 922BFAE4235059BE00B869C7 /* SceneDelegate.swift */; };
		922BFAE7235059BE00B869C7 /* ViewController.swift in Sources */ = {isa = PBXBuildFile; fileRef = 922BFAE6235059BE00B869C7 /* ViewController.swift */; };
		922BFAEA235059BE00B869C7 /* Main.storyboard in Resources */ = {isa = PBXBuildFile; fileRef = 922BFAE8235059BE00B869C7 /* Main.storyboard */; };
		922BFAED235059BE00B869C7 /* _Apps.xcdatamodeld in Sources */ = {isa = PBXBuildFile; fileRef = 922BFAEB235059BE00B869C7 /* _Apps.xcdatamodeld */; };
		922BFAEF235059C300B869C7 /* Assets.xcassets in Resources */ = {isa = PBXBuildFile; fileRef = 922BFAEE235059C300B869C7 /* Assets.xcassets */; };
		922BFAF2235059C300B869C7 /* LaunchScreen.storyboard in Resources */ = {isa = PBXBuildFile; fileRef = 922BFAF0235059C300B869C7 /* LaunchScreen.storyboard */; };
		922BFAFD235059C300B869C7 /* _AppsTests.swift in Sources */ = {isa = PBXBuildFile; fileRef = 922BFAFC235059C300B869C7 /* _AppsTests.swift */; };
		922BFB08235059C300B869C7 /* _AppsUITests.swift in Sources */ = {isa = PBXBuildFile; fileRef = 922BFB07235059C300B869C7 /* _AppsUITests.swift */; };
/* End PBXBuildFile section */

/* Begin PBXContainerItemProxy section */
		922BFAF9235059C300B869C7 /* PBXContainerItemProxy */ = {
			isa = PBXContainerItemProxy;
			containerPortal = 922BFAD7235059BE00B869C7 /* Project object */;
			proxyType = 1;
			remoteGlobalIDString = 922BFADE235059BE00B869C7;
			remoteInfo = 2Apps;
		};
		922BFB04235059C300B869C7 /* PBXContainerItemProxy */ = {
			isa = PBXContainerItemProxy;
			containerPortal = 922BFAD7235059BE00B869C7 /* Project object */;
			proxyType = 1;
			remoteGlobalIDString = 922BFADE235059BE00B869C7;
			remoteInfo = 2Apps;
		};
/* End PBXContainerItemProxy section */

/* Begin PBXFileReference section */
		922BFADF235059BE00B869C7 /* 2Apps.app */ = {isa = PBXFileReference; explicitFileType = wrapper.application; includeInIndex = 0; path = 2Apps.app; sourceTree = BUILT_PRODUCTS_DIR; };
		922BFAE2235059BE00B869C7 /* AppDelegate.swift */ = {isa = PBXFileReference; lastKnownFileType = sourcecode.swift; path = AppDelegate.swift; sourceTree = "<group>"; };
		922BFAE4235059BE00B869C7 /* SceneDelegate.swift */ = {isa = PBXFileReference; lastKnownFileType = sourcecode.swift; path = SceneDelegate.swift; sourceTree = "<group>"; };
		922BFAE6235059BE00B869C7 /* ViewController.swift */ = {isa = PBXFileReference; lastKnownFileType = sourcecode.swift; path = ViewController.swift; sourceTree = "<group>"; };
		922BFAE9235059BE00B869C7 /* Base */ = {isa = PBXFileReference; lastKnownFileType = file.storyboard; name = Base; path = Base.lproj/Main.storyboard; sourceTree = "<group>"; };
		922BFAEC235059BE00B869C7 /* _Apps.xcdatamodel */ = {isa = PBXFileReference; lastKnownFileType = wrapper.xcdatamodel; path = _Apps.xcdatamodel; sourceTree = "<group>"; };
		922BFAEE235059C300B869C7 /* Assets.xcassets */ = {isa = PBXFileReference; lastKnownFileType = folder.assetcatalog; path = Assets.xcassets; sourceTree = "<group>"; };
		922BFAF1235059C300B869C7 /* Base */ = {isa = PBXFileReference; lastKnownFileType = file.storyboard; name = Base; path = Base.lproj/LaunchScreen.storyboard; sourceTree = "<group>"; };
		922BFAF3235059C300B869C7 /* Info.plist */ = {isa = PBXFileReference; lastKnownFileType = text.plist.xml; path = Info.plist; sourceTree = "<group>"; };
		922BFAF8235059C300B869C7 /* 2AppsTests.xctest */ = {isa = PBXFileReference; explicitFileType = wrapper.cfbundle; includeInIndex = 0; path = 2AppsTests.xctest; sourceTree = BUILT_PRODUCTS_DIR; };
		922BFAFC235059C300B869C7 /* _AppsTests.swift */ = {isa = PBXFileReference; lastKnownFileType = sourcecode.swift; path = _AppsTests.swift; sourceTree = "<group>"; };
		922BFAFE235059C300B869C7 /* Info.plist */ = {isa = PBXFileReference; lastKnownFileType = text.plist.xml; path = Info.plist; sourceTree = "<group>"; };
		922BFB03235059C300B869C7 /* 2AppsUITests.xctest */ = {isa = PBXFileReference; explicitFileType = wrapper.cfbundle; includeInIndex = 0; path = 2AppsUITests.xctest; sourceTree = BUILT_PRODUCTS_DIR; };
		922BFB07235059C300B869C7 /* _AppsUITests.swift */ = {isa = PBXFileReference; lastKnownFileType = sourcecode.swift; path = _AppsUITests.swift; sourceTree = "<group>"; };
		922BFB09235059C300B869C7 /* Info.plist */ = {isa = PBXFileReference; lastKnownFileType = text.plist.xml; path = Info.plist; sourceTree = "<group>"; };
/* End PBXFileReference section */

/* Begin PBXFrameworksBuildPhase section */
		922BFADC235059BE00B869C7 /* Frameworks */ = {
			isa = PBXFrameworksBuildPhase;
			buildActionMask = 2147483647;
			files = (
			);
			runOnlyForDeploymentPostprocessing = 0;
		};
		922BFAF5235059C300B869C7 /* Frameworks */ = {
			isa = PBXFrameworksBuildPhase;
			buildActionMask = 2147483647;
			files = (
			);
			runOnlyForDeploymentPostprocessing = 0;
		};
		922BFB00235059C300B869C7 /* Frameworks */ = {
			isa = PBXFrameworksBuildPhase;
			buildActionMask = 2147483647;
			files = (
			);
			runOnlyForDeploymentPostprocessing = 0;
		};
/* End PBXFrameworksBuildPhase section */

/* Begin PBXGroup section */
		922BFAD6235059BE00B869C7 = {
			isa = PBXGroup;
			children = (
				922BFAE1235059BE00B869C7 /* 2Apps */,
				922BFAFB235059C300B869C7 /* 2AppsTests */,
				922BFB06235059C300B869C7 /* 2AppsUITests */,
				922BFAE0235059BE00B869C7 /* Products */,
			);
			sourceTree = "<group>";
		};
		922BFAE0235059BE00B869C7 /* Products */ = {
			isa = PBXGroup;
			children = (
				922BFADF235059BE00B869C7 /* 2Apps.app */,
				922BFAF8235059C300B869C7 /* 2AppsTests.xctest */,
				922BFB03235059C300B869C7 /* 2AppsUITests.xctest */,
			);
			name = Products;
			sourceTree = "<group>";
		};
		922BFAE1235059BE00B869C7 /* 2Apps */ = {
			isa = PBXGroup;
			children = (
				922BFAE2235059BE00B869C7 /* AppDelegate.swift */,
				922BFAE4235059BE00B869C7 /* SceneDelegate.swift */,
				922BFAE6235059BE00B869C7 /* ViewController.swift */,
				922BFAE8235059BE00B869C7 /* Main.storyboard */,
				922BFAEE235059C300B869C7 /* Assets.xcassets */,
				922BFAF0235059C300B869C7 /* LaunchScreen.storyboard */,
				922BFAF3235059C300B869C7 /* Info.plist */,
				922BFAEB235059BE00B869C7 /* _Apps.xcdatamodeld */,
			);
			path = 2Apps;
			sourceTree = "<group>";
		};
		922BFAFB235059C300B869C7 /* 2AppsTests */ = {
			isa = PBXGroup;
			children = (
				922BFAFC235059C300B869C7 /* _AppsTests.swift */,
				922BFAFE235059C300B869C7 /* Info.plist */,
			);
			path = 2AppsTests;
			sourceTree = "<group>";
		};
		922BFB06235059C300B869C7 /* 2AppsUITests */ = {
			isa = PBXGroup;
			children = (
				922BFB07235059C300B869C7 /* _AppsUITests.swift */,
				922BFB09235059C300B869C7 /* Info.plist */,
			);
			path = 2AppsUITests;
			sourceTree = "<group>";
		};
/* End PBXGroup section */

/* Begin PBXNativeTarget section */
		922BFADE235059BE00B869C7 /* 2Apps */ = {
			isa = PBXNativeTarget;
			buildConfigurationList = 922BFB0C235059C300B869C7 /* Build configuration list for PBXNativeTarget "2Apps" */;
			buildPhases = (
				922BFADB235059BE00B869C7 /* Sources */,
				922BFADC235059BE00B869C7 /* Frameworks */,
				922BFADD235059BE00B869C7 /* Resources */,
			);
			buildRules = (
			);
			dependencies = (
			);
			name = 2Apps;
			productName = 2Apps;
			productReference = 922BFADF235059BE00B869C7 /* 2Apps.app */;
			productType = "com.apple.product-type.application";
		};
		922BFAF7235059C300B869C7 /* 2AppsTests */ = {
			isa = PBXNativeTarget;
			buildConfigurationList = 922BFB0F235059C300B869C7 /* Build configuration list for PBXNativeTarget "2AppsTests" */;
			buildPhases = (
				922BFAF4235059C300B869C7 /* Sources */,
				922BFAF5235059C300B869C7 /* Frameworks */,
				922BFAF6235059C300B869C7 /* Resources */,
			);
			buildRules = (
			);
			dependencies = (
				922BFAFA235059C300B869C7 /* PBXTargetDependency */,
			);
			name = 2AppsTests;
			productName = 2AppsTests;
			productReference = 922BFAF8235059C300B869C7 /* 2AppsTests.xctest */;
			productType = "com.apple.product-type.bundle.unit-test";
		};
		922BFB02235059C300B869C7 /* 2AppsUITests */ = {
			isa = PBXNativeTarget;
			buildConfigurationList = 922BFB12235059C300B869C7 /* Build configuration list for PBXNativeTarget "2AppsUITests" */;
			buildPhases = (
				922BFAFF235059C300B869C7 /* Sources */,
				922BFB00235059C300B869C7 /* Frameworks */,
				922BFB01235059C300B869C7 /* Resources */,
			);
			buildRules = (
			);
			dependencies = (
				922BFB05235059C300B869C7 /* PBXTargetDependency */,
			);
			name = 2AppsUITests;
			productName = 2AppsUITests;
			productReference = 922BFB03235059C300B869C7 /* 2AppsUITests.xctest */;
			productType = "com.apple.product-type.bundle.ui-testing";
		};
/* End PBXNativeTarget section */

/* Begin PBXProject section */
		922BFAD7235059BE00B869C7 /* Project object */ = {
			isa = PBXProject;
			attributes = {
				LastSwiftUpdateCheck = 1110;
				LastUpgradeCheck = 1110;
				ORGANIZATIONNAME = "YAP HAO XUAN";
				TargetAttributes = {
					922BFADE235059BE00B869C7 = {
						CreatedOnToolsVersion = 11.1;
					};
					922BFAF7235059C300B869C7 = {
						CreatedOnToolsVersion = 11.1;
						TestTargetID = 922BFADE235059BE00B869C7;
					};
					922BFB02235059C300B869C7 = {
						CreatedOnToolsVersion = 11.1;
						TestTargetID = 922BFADE235059BE00B869C7;
					};
				};
			};
			buildConfigurationList = 922BFADA235059BE00B869C7 /* Build configuration list for PBXProject "2Apps" */;
			compatibilityVersion = "Xcode 9.3";
			developmentRegion = en;
			hasScannedForEncodings = 0;
			knownRegions = (
				en,
				Base,
			);
			mainGroup = 922BFAD6235059BE00B869C7;
			productRefGroup = 922BFAE0235059BE00B869C7 /* Products */;
			projectDirPath = "";
			projectRoot = "";
			targets = (
				922BFADE235059BE00B869C7 /* 2Apps */,
				922BFAF7235059C300B869C7 /* 2AppsTests */,
				922BFB02235059C300B869C7 /* 2AppsUITests */,
			);
		};
/* End PBXProject section */

/* Begin PBXResourcesBuildPhase section */
		922BFADD235059BE00B869C7 /* Resources */ = {
			isa = PBXResourcesBuildPhase;
			buildActionMask = 2147483647;
			files = (
				922BFAF2235059C300B869C7 /* LaunchScreen.storyboard in Resources */,
				922BFAEF235059C300B869C7 /* Assets.xcassets in Resources */,
				922BFAEA235059BE00B869C7 /* Main.storyboard in Resources */,
			);
			runOnlyForDeploymentPostprocessing = 0;
		};
		922BFAF6235059C300B869C7 /* Resources */ = {
			isa = PBXResourcesBuildPhase;
			buildActionMask = 2147483647;
			files = (
			);
			runOnlyForDeploymentPostprocessing = 0;
		};
		922BFB01235059C300B869C7 /* Resources */ = {
			isa = PBXResourcesBuildPhase;
			buildActionMask = 2147483647;
			files = (
			);
			runOnlyForDeploymentPostprocessing = 0;
		};
/* End PBXResourcesBuildPhase section */

/* Begin PBXSourcesBuildPhase section */
		922BFADB235059BE00B869C7 /* Sources */ = {
			isa = PBXSourcesBuildPhase;
			buildActionMask = 2147483647;
			files = (
				922BFAE7235059BE00B869C7 /* ViewController.swift in Sources */,
				922BFAED235059BE00B869C7 /* _Apps.xcdatamodeld in Sources */,
				922BFAE3235059BE00B869C7 /* AppDelegate.swift in Sources */,
				922BFAE5235059BE00B869C7 /* SceneDelegate.swift in Sources */,
			);
			runOnlyForDeploymentPostprocessing = 0;
		};
		922BFAF4235059C300B869C7 /* Sources */ = {
			isa = PBXSourcesBuildPhase;
			buildActionMask = 2147483647;
			files = (
				922BFAFD235059C300B869C7 /* _AppsTests.swift in Sources */,
			);
			runOnlyForDeploymentPostprocessing = 0;
		};
		922BFAFF235059C300B869C7 /* Sources */ = {
			isa = PBXSourcesBuildPhase;
			buildActionMask = 2147483647;
			files = (
				922BFB08235059C300B869C7 /* _AppsUITests.swift in Sources */,
			);
			runOnlyForDeploymentPostprocessing = 0;
		};
/* End PBXSourcesBuildPhase section */

/* Begin PBXTargetDependency section */
		922BFAFA235059C300B869C7 /* PBXTargetDependency */ = {
			isa = PBXTargetDependency;
			target = 922BFADE235059BE00B869C7 /* 2Apps */;
			targetProxy = 922BFAF9235059C300B869C7 /* PBXContainerItemProxy */;
		};
		922BFB05235059C300B869C7 /* PBXTargetDependency */ = {
			isa = PBXTargetDependency;
			target = 922BFADE235059BE00B869C7 /* 2Apps */;
			targetProxy = 922BFB04235059C300B869C7 /* PBXContainerItemProxy */;
		};
/* End PBXTargetDependency section */

/* Begin PBXVariantGroup section */
		922BFAE8235059BE00B869C7 /* Main.storyboard */ = {
			isa = PBXVariantGroup;
			children = (
				922BFAE9235059BE00B869C7 /* Base */,
			);
			name = Main.storyboard;
			sourceTree = "<group>";
		};
		922BFAF0235059C300B869C7 /* LaunchScreen.storyboard */ = {
			isa = PBXVariantGroup;
			children = (
				922BFAF1235059C300B869C7 /* Base */,
			);
			name = LaunchScreen.storyboard;
			sourceTree = "<group>";
		};
/* End PBXVariantGroup section */

/* Begin XCBuildConfiguration section */
		922BFB0A235059C300B869C7 /* Debug */ = {
			isa = XCBuildConfiguration;
			buildSettings = {
				ALWAYS_SEARCH_USER_PATHS = NO;
				CLANG_ANALYZER_NONNULL = YES;
				CLANG_ANALYZER_NUMBER_OBJECT_CONVERSION = YES_AGGRESSIVE;
				CLANG_CXX_LANGUAGE_STANDARD = "gnu++14";
				CLANG_CXX_LIBRARY = "libc++";
				CLANG_ENABLE_MODULES = YES;
				CLANG_ENABLE_OBJC_ARC = YES;
				CLANG_ENABLE_OBJC_WEAK = YES;
				CLANG_WARN_BLOCK_CAPTURE_AUTORELEASING = YES;
				CLANG_WARN_BOOL_CONVERSION = YES;
				CLANG_WARN_COMMA = YES;
				CLANG_WARN_CONSTANT_CONVERSION = YES;
				CLANG_WARN_DEPRECATED_OBJC_IMPLEMENTATIONS = YES;
				CLANG_WARN_DIRECT_OBJC_ISA_USAGE = YES_ERROR;
				CLANG_WARN_DOCUMENTATION_COMMENTS = YES;
				CLANG_WARN_EMPTY_BODY = YES;
				CLANG_WARN_ENUM_CONVERSION = YES;
				CLANG_WARN_INFINITE_RECURSION = YES;
				CLANG_WARN_INT_CONVERSION = YES;
				CLANG_WARN_NON_LITERAL_NULL_CONVERSION = YES;
				CLANG_WARN_OBJC_IMPLICIT_RETAIN_SELF = YES;
				CLANG_WARN_OBJC_LITERAL_CONVERSION = YES;
				CLANG_WARN_OBJC_ROOT_CLASS = YES_ERROR;
				CLANG_WARN_RANGE_LOOP_ANALYSIS = YES;
				CLANG_WARN_STRICT_PROTOTYPES = YES;
				CLANG_WARN_SUSPICIOUS_MOVE = YES;
				CLANG_WARN_UNGUARDED_AVAILABILITY = YES_AGGRESSIVE;
				CLANG_WARN_UNREACHABLE_CODE = YES;
				CLANG_WARN__DUPLICATE_METHOD_MATCH = YES;
				COPY_PHASE_STRIP = NO;
				DEBUG_INFORMATION_FORMAT = dwarf;
				ENABLE_STRICT_OBJC_MSGSEND = YES;
				ENABLE_TESTABILITY = YES;
				GCC_C_LANGUAGE_STANDARD = gnu11;
				GCC_DYNAMIC_NO_PIC = NO;
				GCC_NO_COMMON_BLOCKS = YES;
				GCC_OPTIMIZATION_LEVEL = 0;
				GCC_PREPROCESSOR_DEFINITIONS = (
					"DEBUG=1",
					"$(inherited)",
				);
				GCC_WARN_64_TO_32_BIT_CONVERSION = YES;
				GCC_WARN_ABOUT_RETURN_TYPE = YES_ERROR;
				GCC_WARN_UNDECLARED_SELECTOR = YES;
				GCC_WARN_UNINITIALIZED_AUTOS = YES_AGGRESSIVE;
				GCC_WARN_UNUSED_FUNCTION = YES;
				GCC_WARN_UNUSED_VARIABLE = YES;
				IPHONEOS_DEPLOYMENT_TARGET = 13.1;
				MTL_ENABLE_DEBUG_INFO = INCLUDE_SOURCE;
				MTL_FAST_MATH = YES;
				ONLY_ACTIVE_ARCH = YES;
				SDKROOT = iphoneos;
				SWIFT_ACTIVE_COMPILATION_CONDITIONS = DEBUG;
				SWIFT_OPTIMIZATION_LEVEL = "-Onone";
			};
			name = Debug;
		};
		922BFB0B235059C300B869C7 /* Release */ = {
			isa = XCBuildConfiguration;
			buildSettings = {
				ALWAYS_SEARCH_USER_PATHS = NO;
				CLANG_ANALYZER_NONNULL = YES;
				CLANG_ANALYZER_NUMBER_OBJECT_CONVERSION = YES_AGGRESSIVE;
				CLANG_CXX_LANGUAGE_STANDARD = "gnu++14";
				CLANG_CXX_LIBRARY = "libc++";
				CLANG_ENABLE_MODULES = YES;
				CLANG_ENABLE_OBJC_ARC = YES;
				CLANG_ENABLE_OBJC_WEAK = YES;
				CLANG_WARN_BLOCK_CAPTURE_AUTORELEASING = YES;
				CLANG_WARN_BOOL_CONVERSION = YES;
				CLANG_WARN_COMMA = YES;
				CLANG_WARN_CONSTANT_CONVERSION = YES;
				CLANG_WARN_DEPRECATED_OBJC_IMPLEMENTATIONS = YES;
				CLANG_WARN_DIRECT_OBJC_ISA_USAGE = YES_ERROR;
				CLANG_WARN_DOCUMENTATION_COMMENTS = YES;
				CLANG_WARN_EMPTY_BODY = YES;
				CLANG_WARN_ENUM_CONVERSION = YES;
				CLANG_WARN_INFINITE_RECURSION = YES;
				CLANG_WARN_INT_CONVERSION = YES;
				CLANG_WARN_NON_LITERAL_NULL_CONVERSION = YES;
				CLANG_WARN_OBJC_IMPLICIT_RETAIN_SELF = YES;
				CLANG_WARN_OBJC_LITERAL_CONVERSION = YES;
				CLANG_WARN_OBJC_ROOT_CLASS = YES_ERROR;
				CLANG_WARN_RANGE_LOOP_ANALYSIS = YES;
				CLANG_WARN_STRICT_PROTOTYPES = YES;
				CLANG_WARN_SUSPICIOUS_MOVE = YES;
				CLANG_WARN_UNGUARDED_AVAILABILITY = YES_AGGRESSIVE;
				CLANG_WARN_UNREACHABLE_CODE = YES;
				CLANG_WARN__DUPLICATE_METHOD_MATCH = YES;
				COPY_PHASE_STRIP = NO;
				DEBUG_INFORMATION_FORMAT = "dwarf-with-dsym";
				ENABLE_NS_ASSERTIONS = NO;
				ENABLE_STRICT_OBJC_MSGSEND = YES;
				GCC_C_LANGUAGE_STANDARD = gnu11;
				GCC_NO_COMMON_BLOCKS = YES;
				GCC_WARN_64_TO_32_BIT_CONVERSION = YES;
				GCC_WARN_ABOUT_RETURN_TYPE = YES_ERROR;
				GCC_WARN_UNDECLARED_SELECTOR = YES;
				GCC_WARN_UNINITIALIZED_AUTOS = YES_AGGRESSIVE;
				GCC_WARN_UNUSED_FUNCTION = YES;
				GCC_WARN_UNUSED_VARIABLE = YES;
				IPHONEOS_DEPLOYMENT_TARGET = 13.1;
				MTL_ENABLE_DEBUG_INFO = NO;
				MTL_FAST_MATH = YES;
				SDKROOT = iphoneos;
				SWIFT_COMPILATION_MODE = wholemodule;
				SWIFT_OPTIMIZATION_LEVEL = "-O";
				VALIDATE_PRODUCT = YES;
			};
			name = Release;
		};
		922BFB0D235059C300B869C7 /* Debug */ = {
			isa = XCBuildConfiguration;
			buildSettings = {
				ASSETCATALOG_COMPILER_APPICON_NAME = AppIcon;
				CODE_SIGN_STYLE = Automatic;
				INFOPLIST_FILE = 2Apps/Info.plist;
				LD_RUNPATH_SEARCH_PATHS = (
					"$(inherited)",
					"@executable_path/Frameworks",
				);
				PRODUCT_BUNDLE_IDENTIFIER = "-Apps.-Apps";
				PRODUCT_NAME = "$(TARGET_NAME)";
				SWIFT_VERSION = 5.0;
				TARGETED_DEVICE_FAMILY = "1,2";
			};
			name = Debug;
		};
		922BFB0E235059C300B869C7 /* Release */ = {
			isa = XCBuildConfiguration;
			buildSettings = {
				ASSETCATALOG_COMPILER_APPICON_NAME = AppIcon;
				CODE_SIGN_STYLE = Automatic;
				INFOPLIST_FILE = 2Apps/Info.plist;
				LD_RUNPATH_SEARCH_PATHS = (
					"$(inherited)",
					"@executable_path/Frameworks",
				);
				PRODUCT_BUNDLE_IDENTIFIER = "-Apps.-Apps";
				PRODUCT_NAME = "$(TARGET_NAME)";
				SWIFT_VERSION = 5.0;
				TARGETED_DEVICE_FAMILY = "1,2";
			};
			name = Release;
		};
		922BFB10235059C300B869C7 /* Debug */ = {
			isa = XCBuildConfiguration;
			buildSettings = {
				ALWAYS_EMBED_SWIFT_STANDARD_LIBRARIES = YES;
				BUNDLE_LOADER = "$(TEST_HOST)";
				CODE_SIGN_STYLE = Automatic;
				INFOPLIST_FILE = 2AppsTests/Info.plist;
				IPHONEOS_DEPLOYMENT_TARGET = 13.1;
				LD_RUNPATH_SEARCH_PATHS = (
					"$(inherited)",
					"@executable_path/Frameworks",
					"@loader_path/Frameworks",
				);
				PRODUCT_BUNDLE_IDENTIFIER = "-Apps.-AppsTests";
				PRODUCT_NAME = "$(TARGET_NAME)";
				SWIFT_VERSION = 5.0;
				TARGETED_DEVICE_FAMILY = "1,2";
				TEST_HOST = "$(BUILT_PRODUCTS_DIR)/2Apps.app/2Apps";
			};
			name = Debug;
		};
		922BFB11235059C300B869C7 /* Release */ = {
			isa = XCBuildConfiguration;
			buildSettings = {
				ALWAYS_EMBED_SWIFT_STANDARD_LIBRARIES = YES;
				BUNDLE_LOADER = "$(TEST_HOST)";
				CODE_SIGN_STYLE = Automatic;
				INFOPLIST_FILE = 2AppsTests/Info.plist;
				IPHONEOS_DEPLOYMENT_TARGET = 13.1;
				LD_RUNPATH_SEARCH_PATHS = (
					"$(inherited)",
					"@executable_path/Frameworks",
					"@loader_path/Frameworks",
				);
				PRODUCT_BUNDLE_IDENTIFIER = "-Apps.-AppsTests";
				PRODUCT_NAME = "$(TARGET_NAME)";
				SWIFT_VERSION = 5.0;
				TARGETED_DEVICE_FAMILY = "1,2";
				TEST_HOST = "$(BUILT_PRODUCTS_DIR)/2Apps.app/2Apps";
			};
			name = Release;
		};
		922BFB13235059C300B869C7 /* Debug */ = {
			isa = XCBuildConfiguration;
			buildSettings = {
				ALWAYS_EMBED_SWIFT_STANDARD_LIBRARIES = YES;
				CODE_SIGN_STYLE = Automatic;
				INFOPLIST_FILE = 2AppsUITests/Info.plist;
				LD_RUNPATH_SEARCH_PATHS = (
					"$(inherited)",
					"@executable_path/Frameworks",
					"@loader_path/Frameworks",
				);
				PRODUCT_BUNDLE_IDENTIFIER = "-Apps.-AppsUITests";
				PRODUCT_NAME = "$(TARGET_NAME)";
				SWIFT_VERSION = 5.0;
				TARGETED_DEVICE_FAMILY = "1,2";
				TEST_TARGET_NAME = 2Apps;
			};
			name = Debug;
		};
		922BFB14235059C300B869C7 /* Release */ = {
			isa = XCBuildConfiguration;
			buildSettings = {
				ALWAYS_EMBED_SWIFT_STANDARD_LIBRARIES = YES;
				CODE_SIGN_STYLE = Automatic;
				INFOPLIST_FILE = 2AppsUITests/Info.plist;
				LD_RUNPATH_SEARCH_PATHS = (
					"$(inherited)",
					"@executable_path/Frameworks",
					"@loader_path/Frameworks",
				);
				PRODUCT_BUNDLE_IDENTIFIER = "-Apps.-AppsUITests";
				PRODUCT_NAME = "$(TARGET_NAME)";
				SWIFT_VERSION = 5.0;
				TARGETED_DEVICE_FAMILY = "1,2";
				TEST_TARGET_NAME = 2Apps;
			};
			name = Release;
		};
/* End XCBuildConfiguration section */

/* Begin XCConfigurationList section */
		922BFADA235059BE00B869C7 /* Build configuration list for PBXProject "2Apps" */ = {
			isa = XCConfigurationList;
			buildConfigurations = (
				922BFB0A235059C300B869C7 /* Debug */,
				922BFB0B235059C300B869C7 /* Release */,
			);
			defaultConfigurationIsVisible = 0;
			defaultConfigurationName = Release;
		};
		922BFB0C235059C300B869C7 /* Build configuration list for PBXNativeTarget "2Apps" */ = {
			isa = XCConfigurationList;
			buildConfigurations = (
				922BFB0D235059C300B869C7 /* Debug */,
				922BFB0E235059C300B869C7 /* Release */,
			);
			defaultConfigurationIsVisible = 0;
			defaultConfigurationName = Release;
		};
		922BFB0F235059C300B869C7 /* Build configuration list for PBXNativeTarget "2AppsTests" */ = {
			isa = XCConfigurationList;
			buildConfigurations = (
				922BFB10235059C300B869C7 /* Debug */,
				922BFB11235059C300B869C7 /* Release */,
			);
			defaultConfigurationIsVisible = 0;
			defaultConfigurationName = Release;
		};
		922BFB12235059C300B869C7 /* Build configuration list for PBXNativeTarget "2AppsUITests" */ = {
			isa = XCConfigurationList;
			buildConfigurations = (
				922BFB13235059C300B869C7 /* Debug */,
				922BFB14235059C300B869C7 /* Release */,
			);
			defaultConfigurationIsVisible = 0;
			defaultConfigurationName = Release;
		};
/* End XCConfigurationList section */

/* Begin XCVersionGroup section */
		922BFAEB235059BE00B869C7 /* _Apps.xcdatamodeld */ = {
			isa = XCVersionGroup;
			children = (
				922BFAEC235059BE00B869C7 /* _Apps.xcdatamodel */,
			);
			currentVersion = 922BFAEC235059BE00B869C7 /* _Apps.xcdatamodel */;
			path = _Apps.xcdatamodeld;
			sourceTree = "<group>";
			versionGroupType = wrapper.xcdatamodel;
		};
/* End XCVersionGroup section */
	};
	rootObject = 922BFAD7235059BE00B869C7 /* Project object */;
}
